
Microsoft Visual Studio Solution File, Format Version 12.00
# Visual Studio 15
VisualStudioVersion = 15.0.26430.15
MinimumVisualStudioVersion = 10.0.40219.1
Project("{FAE04EC0-301F-11D3-BF4B-00C04F79EFBC}") = "huypq.SmtShared", "huypq.SmtShared\huypq.SmtShared.csproj", "{712DFC2A-4746-4B6B-88D1-97D68B26488F}"
EndProject
Project("{FAE04EC0-301F-11D3-BF4B-00C04F79EFBC}") = "huypq.SmtShared.Framework", "huypq.SmtShared.Framework\huypq.SmtShared.Framework.csproj", "{DBB09141-9D0C-4867-9248-1FC2E8A5EEC5}"
EndProject
Global
	GlobalSection(SolutionConfigurationPlatforms) = preSolution
		Debug|Any CPU = Debug|Any CPU
		Release|Any CPU = Release|Any CPU
	EndGlobalSection
	GlobalSection(ProjectConfigurationPlatforms) = postSolution
		{712DFC2A-4746-4B6B-88D1-97D68B26488F}.Debug|Any CPU.ActiveCfg = Debug|Any CPU
		{712DFC2A-4746-4B6B-88D1-97D68B26488F}.Debug|Any CPU.Build.0 = Debug|Any CPU
		{712DFC2A-4746-4B6B-88D1-97D68B26488F}.Release|Any CPU.ActiveCfg = Release|Any CPU
		{712DFC2A-4746-4B6B-88D1-97D68B26488F}.Release|Any CPU.Build.0 = Release|Any CPU
		{DBB09141-9D0C-4867-9248-1FC2E8A5EEC5}.Debug|Any CPU.ActiveCfg = Debug|Any CPU
		{DBB09141-9D0C-4867-9248-1FC2E8A5EEC5}.Debug|Any CPU.Build.0 = Debug|Any CPU
		{DBB09141-9D0C-4867-9248-1FC2E8A5EEC5}.Release|Any CPU.ActiveCfg = Release|Any CPU
		{DBB09141-9D0C-4867-9248-1FC2E8A5EEC5}.Release|Any CPU.Build.0 = Release|Any CPU
	EndGlobalSection
	GlobalSection(SolutionProperties) = preSolution
		HideSolutionNode = FALSE
	EndGlobalSection
EndGlobal
